
Microsoft Visual Studio Solution File, Format Version 12.00
# Visual Studio Version 16
VisualStudioVersion = 16.0.29123.88
MinimumVisualStudioVersion = 10.0.40219.1
Project("{FAE04EC0-301F-11D3-BF4B-00C04F79EFBC}") = "RandomEpisodeAPI", "RandomEpisodeAPI\RandomEpisodeAPI.csproj", "{DF6BEBA5-4D47-4EE3-B3AD-AF7B28F3621D}"
EndProject
Global
	GlobalSection(SolutionConfigurationPlatforms) = preSolution
		Debug|Any CPU = Debug|Any CPU
		Release|Any CPU = Release|Any CPU
	EndGlobalSection
	GlobalSection(ProjectConfigurationPlatforms) = postSolution
		{DF6BEBA5-4D47-4EE3-B3AD-AF7B28F3621D}.Debug|Any CPU.ActiveCfg = Debug|Any CPU
		{DF6BEBA5-4D47-4EE3-B3AD-AF7B28F3621D}.Debug|Any CPU.Build.0 = Debug|Any CPU
		{DF6BEBA5-4D47-4EE3-B3AD-AF7B28F3621D}.Release|Any CPU.ActiveCfg = Release|Any CPU
		{DF6BEBA5-4D47-4EE3-B3AD-AF7B28F3621D}.Release|Any CPU.Build.0 = Release|Any CPU
	EndGlobalSection
	GlobalSection(SolutionProperties) = preSolution
		HideSolutionNode = FALSE
	EndGlobalSection
	GlobalSection(ExtensibilityGlobals) = postSolution
		SolutionGuid = {88A76551-2494-46ED-A16C-EA98899A18CE}
	EndGlobalSection
EndGlobal
